
Microsoft Visual Studio Solution File, Format Version 12.00
# Visual Studio Version 17
VisualStudioVersion = 17.14.36603.0 d17.14
MinimumVisualStudioVersion = 10.0.40219.1
Project("{FAE04EC0-301F-11D3-BF4B-00C04F79EFBC}") = "The_Invincible_Bank", "The_Invincible_Bank.csproj", "{FC41545E-CA0C-47F3-ADC4-61A2080C2236}"
EndProject
Global
	GlobalSection(SolutionConfigurationPlatforms) = preSolution
		Debug|Any CPU = Debug|Any CPU
		Release|Any CPU = Release|Any CPU
	EndGlobalSection
	GlobalSection(ProjectConfigurationPlatforms) = postSolution
		{FC41545E-CA0C-47F3-ADC4-61A2080C2236}.Debug|Any CPU.ActiveCfg = Debug|Any CPU
		{FC41545E-CA0C-47F3-ADC4-61A2080C2236}.Debug|Any CPU.Build.0 = Debug|Any CPU
		{FC41545E-CA0C-47F3-ADC4-61A2080C2236}.Release|Any CPU.ActiveCfg = Release|Any CPU
		{FC41545E-CA0C-47F3-ADC4-61A2080C2236}.Release|Any CPU.Build.0 = Release|Any CPU
	EndGlobalSection
	GlobalSection(SolutionProperties) = preSolution
		HideSolutionNode = FALSE
	EndGlobalSection
	GlobalSection(ExtensibilityGlobals) = postSolution
		SolutionGuid = {43A3A1CD-4EAA-4A4F-BB95-DEE6F27B3BA1}
	EndGlobalSection
EndGlobal
